{
  "name": "thundertools",
  "version": "1.0.0",
  "lockfileVersion": 2,
  "requires": true,
  "packages": {
    "": {
      "name": "thundertools",
      "version": "1.0.0",
      "license": "MIT",
      "devDependencies": {
        "jest": "^29.0.0"
      }
    },
    "node_modules/jest": {
      "version": "29.7.0",
      "resolved": "https://registry.npmjs.org/jest/-/jest-29.7.0.tgz",
      "integrity": "sha512-NIy2Jk+2TfLcqeWq6J6nlCw3eA2wTlMkV7rYRvQqoM2q1xMh6Y7k/ZNpCR46kYvF+NsJwvQq/iu9hVJ7NnCq5Q=="
    }
  },
  "dependencies": {
    "jest": {
      "version": "29.7.0",
      "resolved": "https://registry.npmjs.org/jest/-/jest-29.7.0.tgz",
      "integrity": "sha512-NIy2Jk+2TfLcqeWq6J6nlCw3eA2wTlMkV7rYRvQqoM2q1xMh6Y7k/ZNpCR46kYvF+NsJwvQq/iu9hVJ7NnCq5Q=="
    }
  }
}